<?xml version="1.0" encoding="utf-8"?>
<Project ToolsVersion="4.0" xmlns="http://schemas.microsoft.com/developer/msbuild/2003">
  <ItemGroup>
    <Filter Include="소스 파일">
      <UniqueIdentifier>{4FC737F1-C7A5-4376-A066-2A32D752A2FF}</UniqueIdentifier>
      <Extensions>cpp;c;cc;cxx;def;odl;idl;hpj;bat;asm;asmx</Extensions>
    </Filter>
    <Filter Include="헤더 파일">
      <UniqueIdentifier>{93995380-89BD-4b04-88EB-625FBE52EBFB}</UniqueIdentifier>
      <Extensions>h;hh;hpp;hxx;hm;inl;inc;ipp;xsd</Extensions>
    </Filter>
    <Filter Include="Shader">
      <UniqueIdentifier>{b5b50d4d-e2f1-4c31-b5f7-5e28de4b4c90}</UniqueIdentifier>
    </Filter>
    <Filter Include="Shader\tutorial">
      <UniqueIdentifier>{ade5fb1b-6480-44ca-a0a9-f89059965726}</UniqueIdentifier>
    </Filter>
  </ItemGroup>
  <ItemGroup>
    <ClInclude Include="targetver.h">
      <Filter>헤더 파일</Filter>
    </ClInclude>
    <ClInclude Include="Resource.h">
      <Filter>헤더 파일</Filter>
    </ClInclude>
    <ClInclude Include="WinApi.h">
      <Filter>헤더 파일</Filter>
    </ClInclude>
    <ClInclude Include="Timer.h">
      <Filter>헤더 파일</Filter>
    </ClInclude>
    <ClInclude Include="CpuChecker.h">
      <Filter>헤더 파일</Filter>
    </ClInclude>
  </ItemGroup>
  <ItemGroup>
    <ClCompile Include="stdafx.cpp">
      <Filter>소스 파일</Filter>
    </ClCompile>
    <ClCompile Include="Viewer.cpp">
      <Filter>소스 파일</Filter>
    </ClCompile>
    <ClCompile Include="WinApi.cpp">
      <Filter>소스 파일</Filter>
    </ClCompile>
    <ClCompile Include="Timer.cpp">
      <Filter>소스 파일</Filter>
    </ClCompile>
    <ClCompile Include="CpuChecker.cpp">
      <Filter>소스 파일</Filter>
    </ClCompile>
  </ItemGroup>
  <ItemGroup>
    <ResourceCompile Include="Viewer.rc" />
  </ItemGroup>
  <ItemGroup>
    <None Include="Shader\tutorial\Color.ps">
      <Filter>Shader\tutorial</Filter>
    </None>
    <None Include="Shader\tutorial\Color.vs">
      <Filter>Shader\tutorial</Filter>
    </None>
    <None Include="Shader\tutorial\light.ps">
      <Filter>Shader\tutorial</Filter>
    </None>
    <None Include="Shader\tutorial\light.vs">
      <Filter>Shader\tutorial</Filter>
    </None>
    <None Include="Shader\tutorial\texture.ps">
      <Filter>Shader\tutorial</Filter>
    </None>
    <None Include="Shader\tutorial\texture.vs">
      <Filter>Shader\tutorial</Filter>
    </None>
  </ItemGroup>
  <ItemGroup>
    <FxCompile Include="DefaultShader.hlsl">
      <Filter>Shader\tutorial</Filter>
    </FxCompile>
  </ItemGroup>
</Project>