<?xml version="1.0" encoding="utf-8"?>
<Project ToolsVersion="4.0" xmlns="http://schemas.microsoft.com/developer/msbuild/2003">
  <ItemGroup>
    <Filter Include="소스 파일">
      <UniqueIdentifier>{4FC737F1-C7A5-4376-A066-2A32D752A2FF}</UniqueIdentifier>
      <Extensions>cpp;c;cc;cxx;def;odl;idl;hpj;bat;asm;asmx</Extensions>
    </Filter>
    <Filter Include="헤더 파일">
      <UniqueIdentifier>{93995380-89BD-4b04-88EB-625FBE52EBFB}</UniqueIdentifier>
      <Extensions>h;hh;hpp;hxx;hm;inl;inc;ipp;xsd</Extensions>
    </Filter>
    <Filter Include="헤더 파일\Render">
      <UniqueIdentifier>{c0455ec6-43b1-45be-a8e2-681616352265}</UniqueIdentifier>
    </Filter>
    <Filter Include="헤더 파일\Etc">
      <UniqueIdentifier>{10ab6b7b-4a40-4ad3-864a-558f4f62792d}</UniqueIdentifier>
    </Filter>
    <Filter Include="헤더 파일\Render\Animation">
      <UniqueIdentifier>{e4eb544a-08dd-484e-9a0d-5ece642905e0}</UniqueIdentifier>
    </Filter>
    <Filter Include="헤더 파일\Render\Model">
      <UniqueIdentifier>{1c5a8a2f-99bc-4a24-8498-3cf3ba06802f}</UniqueIdentifier>
    </Filter>
    <Filter Include="헤더 파일\Render\Shader">
      <UniqueIdentifier>{6eed4605-48d1-4cdd-b81b-6fe9ec9aaf79}</UniqueIdentifier>
    </Filter>
    <Filter Include="소스 파일\Model">
      <UniqueIdentifier>{5d2aac48-43cc-4984-824c-7b9024c39846}</UniqueIdentifier>
    </Filter>
    <Filter Include="소스 파일\Shader">
      <UniqueIdentifier>{b0857ebd-0fb8-48e8-9baa-b51d09dcb96f}</UniqueIdentifier>
    </Filter>
    <Filter Include="헤더 파일\Render\Shader\tutorial">
      <UniqueIdentifier>{1a91f18a-d551-4a44-a534-cb0cb5e37237}</UniqueIdentifier>
    </Filter>
    <Filter Include="헤더 파일\Render\Model\tutorial">
      <UniqueIdentifier>{13b88c16-2a69-4342-8dbf-571fca84d806}</UniqueIdentifier>
    </Filter>
    <Filter Include="소스 파일\Model\tutorial">
      <UniqueIdentifier>{9398da97-e324-44af-96b6-ecc7b8d32258}</UniqueIdentifier>
    </Filter>
    <Filter Include="소스 파일\Shader\tutorial">
      <UniqueIdentifier>{792664c1-5f52-4324-b394-a56f608b81a5}</UniqueIdentifier>
    </Filter>
  </ItemGroup>
  <ItemGroup>
    <ClInclude Include="Renderer.h">
      <Filter>헤더 파일\Render</Filter>
    </ClInclude>
    <ClInclude Include="Material.h">
      <Filter>헤더 파일\Render</Filter>
    </ClInclude>
    <ClInclude Include="Texture.h">
      <Filter>헤더 파일\Render</Filter>
    </ClInclude>
    <ClInclude Include="Animation.h">
      <Filter>헤더 파일\Render\Animation</Filter>
    </ClInclude>
    <ClInclude Include="AnimationCollector.h">
      <Filter>헤더 파일\Render\Animation</Filter>
    </ClInclude>
    <ClInclude Include="RenderDefine.h">
      <Filter>헤더 파일\Etc</Filter>
    </ClInclude>
    <ClInclude Include="Camera.h">
      <Filter>헤더 파일\Render</Filter>
    </ClInclude>
    <ClInclude Include="D3Dclass.h">
      <Filter>헤더 파일\Render</Filter>
    </ClInclude>
    <ClInclude Include="BaseModel.h">
      <Filter>헤더 파일\Render\Model</Filter>
    </ClInclude>
    <ClInclude Include="SkeletalModel.h">
      <Filter>헤더 파일\Render\Model</Filter>
    </ClInclude>
    <ClInclude Include="StaticModel.h">
      <Filter>헤더 파일\Render\Model</Filter>
    </ClInclude>
    <ClInclude Include="Shader.h">
      <Filter>헤더 파일\Render\Shader</Filter>
    </ClInclude>
    <ClInclude Include="ColorShader.h">
      <Filter>헤더 파일\Render\Shader\tutorial</Filter>
    </ClInclude>
    <ClInclude Include="TextureShader.h">
      <Filter>헤더 파일\Render\Shader\tutorial</Filter>
    </ClInclude>
    <ClInclude Include="ColorModel.h">
      <Filter>헤더 파일\Render\Model\tutorial</Filter>
    </ClInclude>
    <ClInclude Include="TextureModel.h">
      <Filter>헤더 파일\Render\Model\tutorial</Filter>
    </ClInclude>
    <ClInclude Include="LightShader.h">
      <Filter>헤더 파일\Render\Shader\tutorial</Filter>
    </ClInclude>
    <ClInclude Include="LightModel.h">
      <Filter>헤더 파일\Render\Model\tutorial</Filter>
    </ClInclude>
    <ClInclude Include="Light.h">
      <Filter>헤더 파일\Render</Filter>
    </ClInclude>
  </ItemGroup>
  <ItemGroup>
    <ClCompile Include="Renderer.cpp">
      <Filter>소스 파일</Filter>
    </ClCompile>
    <ClCompile Include="Material.cpp">
      <Filter>소스 파일</Filter>
    </ClCompile>
    <ClCompile Include="Texture.cpp">
      <Filter>소스 파일</Filter>
    </ClCompile>
    <ClCompile Include="Camera.cpp">
      <Filter>소스 파일</Filter>
    </ClCompile>
    <ClCompile Include="D3Dclass.cpp">
      <Filter>소스 파일</Filter>
    </ClCompile>
    <ClCompile Include="BaseModel.cpp">
      <Filter>소스 파일\Model</Filter>
    </ClCompile>
    <ClCompile Include="StaticModel.cpp">
      <Filter>소스 파일\Model</Filter>
    </ClCompile>
    <ClCompile Include="Shader.cpp">
      <Filter>소스 파일\Shader</Filter>
    </ClCompile>
    <ClCompile Include="ColorShader.cpp">
      <Filter>소스 파일\Shader\tutorial</Filter>
    </ClCompile>
    <ClCompile Include="TextureModel.cpp">
      <Filter>소스 파일\Model\tutorial</Filter>
    </ClCompile>
    <ClCompile Include="ColorModel.cpp">
      <Filter>소스 파일\Model\tutorial</Filter>
    </ClCompile>
    <ClCompile Include="TextureShader.cpp">
      <Filter>소스 파일\Shader\tutorial</Filter>
    </ClCompile>
    <ClCompile Include="Light.cpp">
      <Filter>소스 파일</Filter>
    </ClCompile>
    <ClCompile Include="LightShader.cpp">
      <Filter>소스 파일\Shader\tutorial</Filter>
    </ClCompile>
    <ClCompile Include="LightModel.cpp">
      <Filter>소스 파일\Model\tutorial</Filter>
    </ClCompile>
  </ItemGroup>
</Project>